Microsoft Visual Studio Solution File, Format Version 12.00
# Visual Studio Version 17
VisualStudioVersion = 17.5.2.0
MinimumVisualStudioVersion = 10.0.40219.1
Project("{FAE04EC0-301F-11D3-BF4B-00C04F79EFBC}") = "Taller1", "Taller1.csproj", "{C67B89EB-24C4-9961-A143-4D11D23784D8}"
EndProject
Global
	GlobalSection(SolutionConfigurationPlatforms) = preSolution
		Debug|Any CPU = Debug|Any CPU
		Release|Any CPU = Release|Any CPU
	EndGlobalSection
	GlobalSection(ProjectConfigurationPlatforms) = postSolution
		{C67B89EB-24C4-9961-A143-4D11D23784D8}.Debug|Any CPU.ActiveCfg = Debug|Any CPU
		{C67B89EB-24C4-9961-A143-4D11D23784D8}.Debug|Any CPU.Build.0 = Debug|Any CPU
		{C67B89EB-24C4-9961-A143-4D11D23784D8}.Release|Any CPU.ActiveCfg = Release|Any CPU
		{C67B89EB-24C4-9961-A143-4D11D23784D8}.Release|Any CPU.Build.0 = Release|Any CPU
	EndGlobalSection
	GlobalSection(SolutionProperties) = preSolution
		HideSolutionNode = FALSE
	EndGlobalSection
	GlobalSection(ExtensibilityGlobals) = postSolution
		SolutionGuid = {F9A1A2E5-9258-469B-A263-34B9827BAC05}
	EndGlobalSection
EndGlobal
